
Microsoft Visual Studio Solution File, Format Version 12.00
# Visual Studio Version 16
VisualStudioVersion = 25.0.1706.4
MinimumVisualStudioVersion = 10.0.40219.1
Project("{FAE04EC0-301F-11D3-BF4B-00C04F79EFBC}") = "API", "API\API.csproj", "{CCD288C5-8DE0-4E43-A5A6-22C79D82C9ED}"
EndProject
Global
	GlobalSection(SolutionConfigurationPlatforms) = preSolution
		Debug|Any CPU = Debug|Any CPU
		Release|Any CPU = Release|Any CPU
	EndGlobalSection
	GlobalSection(ProjectConfigurationPlatforms) = postSolution
		{CCD288C5-8DE0-4E43-A5A6-22C79D82C9ED}.Debug|Any CPU.ActiveCfg = Debug|Any CPU
		{CCD288C5-8DE0-4E43-A5A6-22C79D82C9ED}.Debug|Any CPU.Build.0 = Debug|Any CPU
		{CCD288C5-8DE0-4E43-A5A6-22C79D82C9ED}.Release|Any CPU.ActiveCfg = Release|Any CPU
		{CCD288C5-8DE0-4E43-A5A6-22C79D82C9ED}.Release|Any CPU.Build.0 = Release|Any CPU
	EndGlobalSection
	GlobalSection(SolutionProperties) = preSolution
		HideSolutionNode = FALSE
	EndGlobalSection
	GlobalSection(ExtensibilityGlobals) = postSolution
		SolutionGuid = {B5BA7DE1-480C-465C-96C1-2062A2F75B35}
	EndGlobalSection
EndGlobal
